{
    "version": 3,
    "terraform_version": "0.11.3",
    "serial": 8,
    "lineage": "587cca07-1e17-4c8d-965b-3bd09e529033",
    "modules": [
        {
            "path": [
                "root"
            ],
            "outputs": {},
            "resources": {},
            "depends_on": []
        },
        {
            "path": [
                "root",
                "compute"
            ],
            "outputs": {},
            "resources": {
                "aws_instance.database_template": {
                    "type": "aws_instance",
                    "depends_on": [
                        "aws_security_group.public_ssh",
                        "data.aws_ami.debian-stretch"
                    ],
                    "primary": {
                        "id": "i-096cb7b28b8a5628e",
                        "attributes": {
                            "ami": "ami-e5a35782",
                            "arn": "arn:aws:ec2:eu-west-2:274171627084:instance/i-096cb7b28b8a5628e",
                            "associate_public_ip_address": "true",
                            "availability_zone": "eu-west-2a",
                            "cpu_core_count": "1",
                            "cpu_threads_per_core": "1",
                            "credit_specification.#": "1",
                            "credit_specification.0.cpu_credits": "standard",
                            "disable_api_termination": "false",
                            "ebs_block_device.#": "0",
                            "ebs_optimized": "false",
                            "ephemeral_block_device.#": "0",
                            "get_password_data": "false",
                            "iam_instance_profile": "",
                            "id": "i-096cb7b28b8a5628e",
                            "instance_state": "running",
                            "instance_type": "t2.micro",
                            "ipv6_addresses.#": "0",
                            "key_name": "personal-infra",
                            "monitoring": "false",
                            "network_interface.#": "0",
                            "network_interface_id": "eni-0c7ce4dff8a1c0bfa",
                            "password_data": "",
                            "placement_group": "",
                            "primary_network_interface_id": "eni-0c7ce4dff8a1c0bfa",
                            "private_dns": "ip-10-0-1-13.eu-west-2.compute.internal",
                            "private_ip": "10.0.1.13",
                            "public_dns": "",
                            "public_ip": "52.56.254.42",
                            "root_block_device.#": "1",
                            "root_block_device.0.delete_on_termination": "true",
                            "root_block_device.0.iops": "100",
                            "root_block_device.0.volume_id": "vol-0acc3cb69ec50707a",
                            "root_block_device.0.volume_size": "8",
                            "root_block_device.0.volume_type": "gp2",
                            "security_groups.#": "0",
                            "source_dest_check": "true",
                            "subnet_id": "subnet-0616b2b5363480f5c",
                            "tags.%": "0",
                            "tenancy": "default",
                            "user_data": "a10b262c859c051b7f04418e044189150721bb7a",
                            "volume_tags.%": "0",
                            "vpc_security_group_ids.#": "1",
                            "vpc_security_group_ids.774121704": "sg-0c0ae12688acc73aa"
                        },
                        "meta": {
                            "e2bfb730-ecaa-11e6-8f88-34363bc7c4c0": {
                                "create": 600000000000,
                                "delete": 1200000000000,
                                "update": 600000000000
                            },
                            "schema_version": "1"
                        },
                        "tainted": false
                    },
                    "deposed": [],
                    "provider": "provider.aws"
                },
                "aws_security_group.public_ssh": {
                    "type": "aws_security_group",
                    "depends_on": [],
                    "primary": {
                        "id": "sg-0c0ae12688acc73aa",
                        "attributes": {
                            "arn": "arn:aws:ec2:eu-west-2:274171627084:security-group/sg-0c0ae12688acc73aa",
                            "description": "Allow SSH from the internet",
                            "egress.#": "1",
                            "egress.482069346.cidr_blocks.#": "1",
                            "egress.482069346.cidr_blocks.0": "0.0.0.0/0",
                            "egress.482069346.description": "",
                            "egress.482069346.from_port": "0",
                            "egress.482069346.ipv6_cidr_blocks.#": "0",
                            "egress.482069346.prefix_list_ids.#": "0",
                            "egress.482069346.protocol": "-1",
                            "egress.482069346.security_groups.#": "0",
                            "egress.482069346.self": "false",
                            "egress.482069346.to_port": "0",
                            "id": "sg-0c0ae12688acc73aa",
                            "ingress.#": "1",
                            "ingress.2541437006.cidr_blocks.#": "1",
                            "ingress.2541437006.cidr_blocks.0": "0.0.0.0/0",
                            "ingress.2541437006.description": "",
                            "ingress.2541437006.from_port": "22",
                            "ingress.2541437006.ipv6_cidr_blocks.#": "0",
                            "ingress.2541437006.protocol": "tcp",
                            "ingress.2541437006.security_groups.#": "0",
                            "ingress.2541437006.self": "false",
                            "ingress.2541437006.to_port": "22",
                            "name": "allow_public_ssh",
                            "owner_id": "274171627084",
                            "revoke_rules_on_delete": "false",
                            "tags.%": "0",
                            "vpc_id": "vpc-0bc3a7f2769f6833d"
                        },
                        "meta": {
                            "e2bfb730-ecaa-11e6-8f88-34363bc7c4c0": {
                                "create": 600000000000,
                                "delete": 600000000000
                            },
                            "schema_version": "1"
                        },
                        "tainted": false
                    },
                    "deposed": [],
                    "provider": "provider.aws"
                },
                "data.aws_ami.debian-stretch": {
                    "type": "aws_ami",
                    "depends_on": [],
                    "primary": {
                        "id": "ami-e5a35782",
                        "attributes": {
                            "architecture": "x86_64",
                            "block_device_mappings.#": "1",
                            "block_device_mappings.4288055015.device_name": "xvda",
                            "block_device_mappings.4288055015.ebs.%": "6",
                            "block_device_mappings.4288055015.ebs.delete_on_termination": "true",
                            "block_device_mappings.4288055015.ebs.encrypted": "false",
                            "block_device_mappings.4288055015.ebs.iops": "0",
                            "block_device_mappings.4288055015.ebs.snapshot_id": "snap-01bce60bd94ea26c4",
                            "block_device_mappings.4288055015.ebs.volume_size": "8",
                            "block_device_mappings.4288055015.ebs.volume_type": "gp2",
                            "block_device_mappings.4288055015.no_device": "",
                            "block_device_mappings.4288055015.virtual_name": "",
                            "creation_date": "2018-08-14T23:00:47.000Z",
                            "description": "FAI Debian image",
                            "filter.#": "2",
                            "filter.1110881961.name": "name",
                            "filter.1110881961.values.#": "1",
                            "filter.1110881961.values.0": "debian-stretch-hvm-x86_64-gp2-*",
                            "filter.490168357.name": "virtualization-type",
                            "filter.490168357.values.#": "1",
                            "filter.490168357.values.0": "hvm",
                            "hypervisor": "xen",
                            "id": "ami-e5a35782",
                            "image_id": "ami-e5a35782",
                            "image_location": "379101102735/debian-stretch-hvm-x86_64-gp2-2018-08-14-82175",
                            "image_type": "machine",
                            "most_recent": "true",
                            "name": "debian-stretch-hvm-x86_64-gp2-2018-08-14-82175",
                            "owner_id": "379101102735",
                            "owners.#": "1",
                            "owners.0": "379101102735",
                            "product_codes.#": "0",
                            "public": "true",
                            "root_device_name": "xvda",
                            "root_device_type": "ebs",
                            "root_snapshot_id": "snap-01bce60bd94ea26c4",
                            "sriov_net_support": "simple",
                            "state": "available",
                            "state_reason.%": "2",
                            "state_reason.code": "UNSET",
                            "state_reason.message": "UNSET",
                            "tags.%": "0",
                            "virtualization_type": "hvm"
                        },
                        "meta": {},
                        "tainted": false
                    },
                    "deposed": [],
                    "provider": "provider.aws"
                }
            },
            "depends_on": []
        },
        {
            "path": [
                "root",
                "network"
            ],
            "outputs": {
                "sinking_subnet_eu_west_2a": {
                    "sensitive": false,
                    "type": "string",
                    "value": "subnet-0616b2b5363480f5c"
                },
                "sinking_subnet_eu_west_2b": {
                    "sensitive": false,
                    "type": "string",
                    "value": "subnet-09d0e74d46e20b219"
                },
                "sinking_subnet_eu_west_2c": {
                    "sensitive": false,
                    "type": "string",
                    "value": "subnet-06446fb4849946765"
                },
                "sinking_vpc_id": {
                    "sensitive": false,
                    "type": "string",
                    "value": "vpc-0bc3a7f2769f6833d"
                }
            },
            "resources": {
                "aws_internet_gateway.sinking_gateway": {
                    "type": "aws_internet_gateway",
                    "depends_on": [
                        "aws_vpc.sinking_internally"
                    ],
                    "primary": {
                        "id": "igw-0cb14face1a246764",
                        "attributes": {
                            "id": "igw-0cb14face1a246764",
                            "tags.%": "1",
                            "tags.Name": "sinking_gateway",
                            "vpc_id": "vpc-0bc3a7f2769f6833d"
                        },
                        "meta": {},
                        "tainted": false
                    },
                    "deposed": [],
                    "provider": "provider.aws"
                },
                "aws_main_route_table_association.route_table_apply": {
                    "type": "aws_main_route_table_association",
                    "depends_on": [
                        "aws_route_table.sinking_routes",
                        "aws_vpc.sinking_internally"
                    ],
                    "primary": {
                        "id": "rtbassoc-0905298ccf39ae6a7",
                        "attributes": {
                            "id": "rtbassoc-0905298ccf39ae6a7",
                            "original_route_table_id": "rtb-092e6ece05792b570",
                            "route_table_id": "rtb-0c0b73bb6088b39fa",
                            "vpc_id": "vpc-0bc3a7f2769f6833d"
                        },
                        "meta": {},
                        "tainted": false
                    },
                    "deposed": [],
                    "provider": "provider.aws"
                },
                "aws_route_table.sinking_routes": {
                    "type": "aws_route_table",
                    "depends_on": [
                        "aws_internet_gateway.sinking_gateway",
                        "aws_vpc.sinking_internally"
                    ],
                    "primary": {
                        "id": "rtb-0c0b73bb6088b39fa",
                        "attributes": {
                            "id": "rtb-0c0b73bb6088b39fa",
                            "propagating_vgws.#": "0",
                            "route.#": "2",
                            "route.131638180.cidr_block": "",
                            "route.131638180.egress_only_gateway_id": "",
                            "route.131638180.gateway_id": "igw-0cb14face1a246764",
                            "route.131638180.instance_id": "",
                            "route.131638180.ipv6_cidr_block": "::/0",
                            "route.131638180.nat_gateway_id": "",
                            "route.131638180.network_interface_id": "",
                            "route.131638180.vpc_peering_connection_id": "",
                            "route.2955612726.cidr_block": "0.0.0.0/0",
                            "route.2955612726.egress_only_gateway_id": "",
                            "route.2955612726.gateway_id": "igw-0cb14face1a246764",
                            "route.2955612726.instance_id": "",
                            "route.2955612726.ipv6_cidr_block": "",
                            "route.2955612726.nat_gateway_id": "",
                            "route.2955612726.network_interface_id": "",
                            "route.2955612726.vpc_peering_connection_id": "",
                            "tags.%": "1",
                            "tags.Name": "sinking_routes",
                            "vpc_id": "vpc-0bc3a7f2769f6833d"
                        },
                        "meta": {},
                        "tainted": false
                    },
                    "deposed": [],
                    "provider": "provider.aws"
                },
                "aws_subnet.sinking_subnet-eu-west-2a": {
                    "type": "aws_subnet",
                    "depends_on": [
                        "aws_vpc.sinking_internally"
                    ],
                    "primary": {
                        "id": "subnet-0616b2b5363480f5c",
                        "attributes": {
                            "assign_ipv6_address_on_creation": "false",
                            "availability_zone": "eu-west-2a",
                            "cidr_block": "10.0.1.0/24",
                            "id": "subnet-0616b2b5363480f5c",
                            "map_public_ip_on_launch": "false",
                            "tags.%": "1",
                            "tags.Name": "Sinking Subnet - eu-west-2a",
                            "vpc_id": "vpc-0bc3a7f2769f6833d"
                        },
                        "meta": {
                            "schema_version": "1"
                        },
                        "tainted": false
                    },
                    "deposed": [],
                    "provider": "provider.aws"
                },
                "aws_subnet.sinking_subnet-eu-west-2b": {
                    "type": "aws_subnet",
                    "depends_on": [
                        "aws_vpc.sinking_internally"
                    ],
                    "primary": {
                        "id": "subnet-09d0e74d46e20b219",
                        "attributes": {
                            "assign_ipv6_address_on_creation": "false",
                            "availability_zone": "eu-west-2b",
                            "cidr_block": "10.0.2.0/24",
                            "id": "subnet-09d0e74d46e20b219",
                            "map_public_ip_on_launch": "false",
                            "tags.%": "1",
                            "tags.Name": "Sinking Subnet - eu-west-2b",
                            "vpc_id": "vpc-0bc3a7f2769f6833d"
                        },
                        "meta": {
                            "schema_version": "1"
                        },
                        "tainted": false
                    },
                    "deposed": [],
                    "provider": "provider.aws"
                },
                "aws_subnet.sinking_subnet-eu-west-2c": {
                    "type": "aws_subnet",
                    "depends_on": [
                        "aws_vpc.sinking_internally"
                    ],
                    "primary": {
                        "id": "subnet-06446fb4849946765",
                        "attributes": {
                            "assign_ipv6_address_on_creation": "false",
                            "availability_zone": "eu-west-2c",
                            "cidr_block": "10.0.3.0/24",
                            "id": "subnet-06446fb4849946765",
                            "map_public_ip_on_launch": "false",
                            "tags.%": "1",
                            "tags.Name": "Sinking Subnet - eu-west-2c",
                            "vpc_id": "vpc-0bc3a7f2769f6833d"
                        },
                        "meta": {
                            "schema_version": "1"
                        },
                        "tainted": false
                    },
                    "deposed": [],
                    "provider": "provider.aws"
                },
                "aws_vpc.sinking_internally": {
                    "type": "aws_vpc",
                    "depends_on": [],
                    "primary": {
                        "id": "vpc-0bc3a7f2769f6833d",
                        "attributes": {
                            "arn": "arn:aws:ec2:eu-west-2:274171627084:vpc/vpc-0bc3a7f2769f6833d",
                            "assign_generated_ipv6_cidr_block": "true",
                            "cidr_block": "10.0.0.0/16",
                            "default_network_acl_id": "acl-0f7195e09a9d86b60",
                            "default_route_table_id": "rtb-0c0b73bb6088b39fa",
                            "default_security_group_id": "sg-006a19b70b343c4cd",
                            "dhcp_options_id": "dopt-67d2160e",
                            "enable_dns_hostnames": "false",
                            "enable_dns_support": "true",
                            "id": "vpc-0bc3a7f2769f6833d",
                            "instance_tenancy": "default",
                            "ipv6_association_id": "vpc-cidr-assoc-04cead358a7f90555",
                            "ipv6_cidr_block": "2a05:d01c:8c8:6a00::/56",
                            "main_route_table_id": "rtb-0c0b73bb6088b39fa",
                            "tags.%": "1",
                            "tags.Name": "sinking_internally"
                        },
                        "meta": {
                            "schema_version": "1"
                        },
                        "tainted": false
                    },
                    "deposed": [],
                    "provider": "provider.aws"
                }
            },
            "depends_on": []
        }
    ]
}
