{
    "version": 3,
    "terraform_version": "0.11.3",
    "serial": 1,
    "lineage": "4bd61646-6ac2-4092-a6a6-28e56e4bfc78",
    "modules": [
        {
            "path": [
                "root"
            ],
            "outputs": {},
            "resources": {
                "google_compute_instance.db": {
                    "type": "google_compute_instance",
                    "depends_on": [],
                    "primary": {
                        "id": "db",
                        "attributes": {
                            "attached_disk.#": "0",
                            "boot_disk.#": "1",
                            "boot_disk.0.auto_delete": "true",
                            "boot_disk.0.device_name": "persistent-disk-0",
                            "boot_disk.0.disk_encryption_key_raw": "",
                            "boot_disk.0.disk_encryption_key_sha256": "",
                            "boot_disk.0.initialize_params.#": "1",
                            "boot_disk.0.initialize_params.0.image": "https://www.googleapis.com/compute/v1/projects/debian-cloud/global/images/debian-9-stretch-v20180716",
                            "boot_disk.0.initialize_params.0.size": "10",
                            "boot_disk.0.initialize_params.0.type": "pd-standard",
                            "boot_disk.0.source": "https://www.googleapis.com/compute/v1/projects/personal-infra-197122/zones/europe-west2-a/disks/db",
                            "can_ip_forward": "false",
                            "cpu_platform": "Intel Broadwell",
                            "create_timeout": "4",
                            "deletion_protection": "false",
                            "guest_accelerator.#": "0",
                            "id": "db",
                            "instance_id": "5353158690638148630",
                            "label_fingerprint": "42WmSpB8rSM=",
                            "labels.%": "0",
                            "machine_type": "f1-micro",
                            "metadata.%": "1",
                            "metadata.sshKeys": "colin:ssh-rsa AAAAB3NzaC1yc2EAAAADAQABAAABAQCzny7ZShOnUZMDgFKeyTFB3+uUX2sLS+PWBW5WhgolI3Z4Cdn7xFPYR6WlaAtHj06ddvWFCUnwDEro21mSNSKXrrfYKGqkHRP1ooA5QpIHLgz9+FHbAxe28adKSymQYi7+Drs+NOQws2icIHei1NX2pcUSI0aBNAuZSzdHURQvWpqr63qpZr2ecASK+C+rrz/+7TRSw2mmu8VVEptSpoQEZ/cf/iBUPHDWaW3osD3hIWNsbgdTVT6AaquoCYKRunU1sw9faNphwYIx46IvM2h5JtaOn/Kn7ocnXbiaaG/vqp1AxAtMbAWYMwXZvcsvC+vtX2E2wv9/AvIaB6mo+PuT colin@anatinus\n",
                            "metadata_fingerprint": "a-k1QFsFAHk=",
                            "metadata_startup_script": "apt-get update\napt-get -y install apt-transport-https ca-certificates curl gnupg2 software-properties-common\n",
                            "min_cpu_platform": "",
                            "name": "db",
                            "network_interface.#": "1",
                            "network_interface.0.access_config.#": "1",
                            "network_interface.0.access_config.0.assigned_nat_ip": "35.234.154.218",
                            "network_interface.0.access_config.0.nat_ip": "35.234.154.218",
                            "network_interface.0.access_config.0.network_tier": "PREMIUM",
                            "network_interface.0.access_config.0.public_ptr_domain_name": "",
                            "network_interface.0.address": "10.154.0.4",
                            "network_interface.0.alias_ip_range.#": "0",
                            "network_interface.0.name": "nic0",
                            "network_interface.0.network": "https://www.googleapis.com/compute/v1/projects/personal-infra-197122/global/networks/default",
                            "network_interface.0.network_ip": "10.154.0.4",
                            "network_interface.0.subnetwork": "https://www.googleapis.com/compute/v1/projects/personal-infra-197122/regions/europe-west2/subnetworks/default",
                            "network_interface.0.subnetwork_project": "personal-infra-197122",
                            "project": "personal-infra-197122",
                            "scheduling.#": "1",
                            "scheduling.0.automatic_restart": "false",
                            "scheduling.0.on_host_maintenance": "MIGRATE",
                            "scheduling.0.preemptible": "false",
                            "scratch_disk.#": "0",
                            "self_link": "https://www.googleapis.com/compute/v1/projects/personal-infra-197122/zones/europe-west2-a/instances/db",
                            "service_account.#": "0",
                            "tags.#": "0",
                            "tags_fingerprint": "42WmSpB8rSM=",
                            "zone": "europe-west2-a"
                        },
                        "meta": {
                            "e2bfb730-ecaa-11e6-8f88-34363bc7c4c0": {
                                "create": 360000000000,
                                "delete": 360000000000,
                                "update": 360000000000
                            },
                            "schema_version": "6"
                        },
                        "tainted": false
                    },
                    "deposed": [],
                    "provider": "provider.google"
                }
            },
            "depends_on": []
        }
    ]
}
